# This file was autogenerated by Stack.
# You should not edit this file by hand.
# For more information, please see the documentation at:
#   https://docs.haskellstack.org/en/stable/lock_files

packages: []
snapshots:
- completed:
    sha256: dc5860d37d24eaf6cdea949b59562d726818aeb3b047b87b3de9e070fb5f9ef5
    size: 629581
    url: https://raw.githubusercontent.com/commercialhaskell/stackage-snapshots/master/nightly/2025/1/12.yaml
  original: nightly-2025-01-12
